
Microsoft Visual Studio Solution File, Format Version 12.00
# Visual Studio Version 16
VisualStudioVersion = 16.0.30907.101
MinimumVisualStudioVersion = 10.0.40219.1
Project("{FAE04EC0-301F-11D3-BF4B-00C04F79EFBC}") = "myClock", "myClock\myClock.csproj", "{467A3C99-5307-44ED-9DCF-3F7FC6F448B2}"
EndProject
Global
	GlobalSection(SolutionConfigurationPlatforms) = preSolution
		Debug|Any CPU = Debug|Any CPU
		Release|Any CPU = Release|Any CPU
	EndGlobalSection
	GlobalSection(ProjectConfigurationPlatforms) = postSolution
		{467A3C99-5307-44ED-9DCF-3F7FC6F448B2}.Debug|Any CPU.ActiveCfg = Debug|Any CPU
		{467A3C99-5307-44ED-9DCF-3F7FC6F448B2}.Debug|Any CPU.Build.0 = Debug|Any CPU
		{467A3C99-5307-44ED-9DCF-3F7FC6F448B2}.Release|Any CPU.ActiveCfg = Release|Any CPU
		{467A3C99-5307-44ED-9DCF-3F7FC6F448B2}.Release|Any CPU.Build.0 = Release|Any CPU
	EndGlobalSection
	GlobalSection(SolutionProperties) = preSolution
		HideSolutionNode = FALSE
	EndGlobalSection
	GlobalSection(ExtensibilityGlobals) = postSolution
		SolutionGuid = {957B131D-103F-469E-9DEF-F9A20DF31CFA}
	EndGlobalSection
EndGlobal
